# This file was autogenerated by Stack.
# You should not edit this file by hand.
# For more information, please see the documentation at:
#   https://docs.haskellstack.org/en/stable/lock_files

packages:
- completed:
    hackage: megaparsec-8.0.0@sha256:362f85e243ecbcb550e1de6e5c74ba5a50c09edaa1208c99bc5b9fd242227fc6,3808
    pantry-tree:
      size: 1446
      sha256: 955117c00a86970f2d0c215f33cf5293b16589c04678a0a790c03368ab6fd0aa
  original:
    hackage: megaparsec-8.0.0
- completed:
    hackage: parser-combinators-1.1.0@sha256:0c79260aeb14db4790a859dd1a3f772b1c6c7c640e93308b4795e983db4a62d7,1856
    pantry-tree:
      size: 724
      sha256: 6af438ee4e4dd7ace21344c50c88c8ab1dd44a50268616f153cb025393b95345
  original:
    hackage: parser-combinators-1.1.0
- completed:
    hackage: Stack-0.4.0@sha256:ada69a23ed9bbaf97260397f6b39b7a1f4e22a11bcac3fe2e8f23f1513f59fd8,1092
    pantry-tree:
      size: 355
      sha256: 4a0e8d5c268b9d19cb472ac94f0e2291afbb899ce4f5878bbbe86effeba36c6f
  original:
    hackage: Stack-0.4.0
snapshots:
- completed:
    size: 524996
    url: https://raw.githubusercontent.com/commercialhaskell/stackage-snapshots/master/lts/14/27.yaml
    sha256: 7ea31a280c56bf36ff591a7397cc384d0dff622e7f9e4225b47d8980f019a0f0
  original: lts-14.27
